{
  "pins" : [
    {
      "identity" : "cryptoswift",
      "kind" : "remoteSourceControl",
      "location" : "https://github.com/krzyzanowskim/CryptoSwift.git",
      "state" : {
        "revision" : "12f2389aca4a07e0dd54c86ec23d0721ed88b8db",
        "version" : "1.4.3"
      }
    },
    {
      "identity" : "cyberconnect-swift-lib",
      "kind" : "remoteSourceControl",
      "location" : "https://github.com/cyberconnecthq/cyberconnect-swift-lib.git",
      "state" : {
        "revision" : "7b33b42f58d9d61a242f9b5899d456f824aaea74",
        "version" : "1.0.11"
      }
    },
    {
      "identity" : "starscream",
      "kind" : "remoteSourceControl",
      "location" : "https://github.com/daltoniam/Starscream.git",
      "state" : {
        "revision" : "df8d82047f6654d8e4b655d1b1525c64e1059d21",
        "version" : "4.0.4"
      }
    },
    {
      "identity" : "walletconnectswift",
      "kind" : "remoteSourceControl",
      "location" : "https://github.com/WalletConnect/WalletConnectSwift.git",
      "state" : {
        "revision" : "f316e6dd91639d6e3e5a4c8860d823c08cc71bc3",
        "version" : "1.6.2"
      }
    }
  ],
  "version" : 2
}
